// !$*UTF8*$!
{
	archiveVersion = 1;
	classes = {
	};
	objectVersion = 46;
	objects = {

/* Begin PBXBuildFile section */
		F47A6CB91B66CD450077F71E /* thumbnail.png in Resources */ = {isa = PBXBuildFile; fileRef = F47A6CB71B66CD450077F71E /* thumbnail.png */; };
		F47A6CBA1B66CD450077F71E /* thumbnail@2x.png in Resources */ = {isa = PBXBuildFile; fileRef = F47A6CB81B66CD450077F71E /* thumbnail@2x.png */; };
		F48CC4321B680D33009CD46D /* RSSFlocksConfigurationWindowController.xib in Resources */ = {isa = PBXBuildFile; fileRef = F48CC4341B680D33009CD46D /* RSSFlocksConfigurationWindowController.xib */; };
		F49D2B911B658117002B07EE /* RSSFlocksView.h in Headers */ = {isa = PBXBuildFile; fileRef = F49D2B901B658117002B07EE /* RSSFlocksView.h */; };
		F49D2B931B658117002B07EE /* RSSFlocksView.mm in Sources */ = {isa = PBXBuildFile; fileRef = F49D2B921B658117002B07EE /* RSSFlocksView.mm */; };
		F49D2B9B1B658236002B07EE /* RSSFlocksConfigurationWindowController.h in Headers */ = {isa = PBXBuildFile; fileRef = F49D2B991B658236002B07EE /* RSSFlocksConfigurationWindowController.h */; };
		F49D2B9C1B658236002B07EE /* RSSFlocksConfigurationWindowController.m in Sources */ = {isa = PBXBuildFile; fileRef = F49D2B9A1B658236002B07EE /* RSSFlocksConfigurationWindowController.m */; };
		F49D2BA51B658290002B07EE /* RSSFlocksSettings.h in Headers */ = {isa = PBXBuildFile; fileRef = F49D2BA31B658290002B07EE /* RSSFlocksSettings.h */; };
		F49D2BA61B658290002B07EE /* RSSFlocksSettings.m in Sources */ = {isa = PBXBuildFile; fileRef = F49D2BA41B658290002B07EE /* RSSFlocksSettings.m */; };
		F49D2BAB1B658337002B07EE /* RSSAboutBoxWindowController.h in Headers */ = {isa = PBXBuildFile; fileRef = F49D2BA81B658337002B07EE /* RSSAboutBoxWindowController.h */; };
		F49D2BAC1B658337002B07EE /* RSSAboutBoxWindowController.m in Sources */ = {isa = PBXBuildFile; fileRef = F49D2BA91B658337002B07EE /* RSSAboutBoxWindowController.m */; };
		F49D2BAD1B658337002B07EE /* RSSAboutBoxWindowController.xib in Resources */ = {isa = PBXBuildFile; fileRef = F49D2BAA1B658337002B07EE /* RSSAboutBoxWindowController.xib */; };
		F49D2BB01B658342002B07EE /* RSSSettings.h in Headers */ = {isa = PBXBuildFile; fileRef = F49D2BAE1B658342002B07EE /* RSSSettings.h */; };
		F49D2BB11B658342002B07EE /* RSSSettings.m in Sources */ = {isa = PBXBuildFile; fileRef = F49D2BAF1B658342002B07EE /* RSSSettings.m */; };
		F49D2BB61B65834E002B07EE /* RSSUserDefaults+Constants.h in Headers */ = {isa = PBXBuildFile; fileRef = F49D2BB21B65834E002B07EE /* RSSUserDefaults+Constants.h */; };
		F49D2BB71B65834E002B07EE /* RSSUserDefaults+Constants.m in Sources */ = {isa = PBXBuildFile; fileRef = F49D2BB31B65834E002B07EE /* RSSUserDefaults+Constants.m */; };
		F49D2BB81B65834E002B07EE /* RSSWindow.h in Headers */ = {isa = PBXBuildFile; fileRef = F49D2BB41B65834E002B07EE /* RSSWindow.h */; };
		F49D2BB91B65834E002B07EE /* RSSWindow.m in Sources */ = {isa = PBXBuildFile; fileRef = F49D2BB51B65834E002B07EE /* RSSWindow.m */; };
		F49D2BBC1B65835C002B07EE /* RSSConfigurationWindowController.h in Headers */ = {isa = PBXBuildFile; fileRef = F49D2BBA1B65835C002B07EE /* RSSConfigurationWindowController.h */; };
		F49D2BBD1B65835C002B07EE /* RSSConfigurationWindowController.m in Sources */ = {isa = PBXBuildFile; fileRef = F49D2BBB1B65835C002B07EE /* RSSConfigurationWindowController.m */; };
		F49D2BC01B658368002B07EE /* Localizable.strings in Resources */ = {isa = PBXBuildFile; fileRef = F49D2BBE1B658368002B07EE /* Localizable.strings */; };
		F49D2BC31B65866E002B07EE /* Flocks.cpp in Sources */ = {isa = PBXBuildFile; fileRef = F49D2BC11B65866E002B07EE /* Flocks.cpp */; };
		F49D2BC41B65866E002B07EE /* Flocks.h in Headers */ = {isa = PBXBuildFile; fileRef = F49D2BC21B65866E002B07EE /* Flocks.h */; };
		F49D2BC91B658AAC002B07EE /* Rgbhsl.cpp in Sources */ = {isa = PBXBuildFile; fileRef = F49D2BC71B658AAC002B07EE /* Rgbhsl.cpp */; };
		F49D2BCA1B658AAC002B07EE /* Rgbhsl.h in Headers */ = {isa = PBXBuildFile; fileRef = F49D2BC81B658AAC002B07EE /* Rgbhsl.h */; };
		F49D2BD41B65A3EB002B07EE /* RSSLightGrayBackgroundView.h in Headers */ = {isa = PBXBuildFile; fileRef = F49D2BD01B65A3EB002B07EE /* RSSLightGrayBackgroundView.h */; };
		F49D2BD51B65A3EB002B07EE /* RSSLightGrayBackgroundView.m in Sources */ = {isa = PBXBuildFile; fileRef = F49D2BD11B65A3EB002B07EE /* RSSLightGrayBackgroundView.m */; };
		F49D2BD61B65A3EB002B07EE /* RSSSecondaryBox.h in Headers */ = {isa = PBXBuildFile; fileRef = F49D2BD21B65A3EB002B07EE /* RSSSecondaryBox.h */; };
		F49D2BD71B65A3EB002B07EE /* RSSSecondaryBox.m in Sources */ = {isa = PBXBuildFile; fileRef = F49D2BD31B65A3EB002B07EE /* RSSSecondaryBox.m */; };
/* End PBXBuildFile section */

/* Begin PBXContainerItemProxy section */
		F4F4B8201B66CDD10047F8E6 /* PBXContainerItemProxy */ = {
			isa = PBXContainerItemProxy;
			containerPortal = F4F4B81C1B66CDD10047F8E6 /* refafactor.xcodeproj */;
			proxyType = 2;
			remoteGlobalIDString = F49477B31B15330700763450;
			remoteInfo = refafactor;
		};
		F4F4B8221B66CDD90047F8E6 /* PBXContainerItemProxy */ = {
			isa = PBXContainerItemProxy;
			containerPortal = F4F4B81C1B66CDD10047F8E6 /* refafactor.xcodeproj */;
			proxyType = 1;
			remoteGlobalIDString = F49477B21B15330700763450;
			remoteInfo = refafactor;
		};
/* End PBXContainerItemProxy section */

/* Begin PBXFileReference section */
		F47A6CB71B66CD450077F71E /* thumbnail.png */ = {isa = PBXFileReference; lastKnownFileType = image.png; name = thumbnail.png; path = images/thumbnail.png; sourceTree = "<group>"; };
		F47A6CB81B66CD450077F71E /* thumbnail@2x.png */ = {isa = PBXFileReference; lastKnownFileType = image.png; name = "thumbnail@2x.png"; path = "images/thumbnail@2x.png"; sourceTree = "<group>"; };
		F48CC4331B680D33009CD46D /* en */ = {isa = PBXFileReference; lastKnownFileType = file.xib; name = en; path = en.lproj/RSSFlocksConfigurationWindowController.xib; sourceTree = "<group>"; };
		F48CC4351B680D46009CD46D /* fr */ = {isa = PBXFileReference; lastKnownFileType = file.xib; name = fr; path = fr.lproj/RSSFlocksConfigurationWindowController.xib; sourceTree = "<group>"; };
		F48CC4361B680D50009CD46D /* fr */ = {isa = PBXFileReference; fileEncoding = 10; lastKnownFileType = text.plist.strings; name = fr; path = rsscommon/fr.lproj/Localizable.strings; sourceTree = "<group>"; };
		F48CC4381B681187009CD46D /* ja */ = {isa = PBXFileReference; lastKnownFileType = file.xib; name = ja; path = ja.lproj/RSSFlocksConfigurationWindowController.xib; sourceTree = "<group>"; };
		F48CC4391B681190009CD46D /* ja */ = {isa = PBXFileReference; fileEncoding = 10; lastKnownFileType = text.plist.strings; name = ja; path = rsscommon/ja.lproj/Localizable.strings; sourceTree = "<group>"; };
		F49D2B8B1B658117002B07EE /* Flocks.saver */ = {isa = PBXFileReference; explicitFileType = wrapper.cfbundle; includeInIndex = 0; path = Flocks.saver; sourceTree = BUILT_PRODUCTS_DIR; };
		F49D2B8F1B658117002B07EE /* Info.plist */ = {isa = PBXFileReference; lastKnownFileType = text.plist.xml; path = Info.plist; sourceTree = "<group>"; };
		F49D2B901B658117002B07EE /* RSSFlocksView.h */ = {isa = PBXFileReference; lastKnownFileType = sourcecode.c.h; path = RSSFlocksView.h; sourceTree = "<group>"; };
		F49D2B921B658117002B07EE /* RSSFlocksView.mm */ = {isa = PBXFileReference; lastKnownFileType = sourcecode.cpp.objcpp; path = RSSFlocksView.mm; sourceTree = "<group>"; };
		F49D2B991B658236002B07EE /* RSSFlocksConfigurationWindowController.h */ = {isa = PBXFileReference; fileEncoding = 4; lastKnownFileType = sourcecode.c.h; path = RSSFlocksConfigurationWindowController.h; sourceTree = "<group>"; };
		F49D2B9A1B658236002B07EE /* RSSFlocksConfigurationWindowController.m */ = {isa = PBXFileReference; fileEncoding = 4; lastKnownFileType = sourcecode.c.objc; path = RSSFlocksConfigurationWindowController.m; sourceTree = "<group>"; };
		F49D2BA31B658290002B07EE /* RSSFlocksSettings.h */ = {isa = PBXFileReference; fileEncoding = 4; lastKnownFileType = sourcecode.c.h; path = RSSFlocksSettings.h; sourceTree = "<group>"; };
		F49D2BA41B658290002B07EE /* RSSFlocksSettings.m */ = {isa = PBXFileReference; fileEncoding = 4; lastKnownFileType = sourcecode.c.objc; path = RSSFlocksSettings.m; sourceTree = "<group>"; };
		F49D2BA81B658337002B07EE /* RSSAboutBoxWindowController.h */ = {isa = PBXFileReference; fileEncoding = 4; lastKnownFileType = sourcecode.c.h; name = RSSAboutBoxWindowController.h; path = rsscommon/RSSAboutBoxWindowController.h; sourceTree = "<group>"; };
		F49D2BA91B658337002B07EE /* RSSAboutBoxWindowController.m */ = {isa = PBXFileReference; fileEncoding = 4; lastKnownFileType = sourcecode.c.objc; name = RSSAboutBoxWindowController.m; path = rsscommon/RSSAboutBoxWindowController.m; sourceTree = "<group>"; };
		F49D2BAA1B658337002B07EE /* RSSAboutBoxWindowController.xib */ = {isa = PBXFileReference; fileEncoding = 4; lastKnownFileType = file.xib; name = RSSAboutBoxWindowController.xib; path = rsscommon/RSSAboutBoxWindowController.xib; sourceTree = "<group>"; };
		F49D2BAE1B658342002B07EE /* RSSSettings.h */ = {isa = PBXFileReference; fileEncoding = 4; lastKnownFileType = sourcecode.c.h; name = RSSSettings.h; path = rsscommon/RSSSettings.h; sourceTree = "<group>"; };
		F49D2BAF1B658342002B07EE /* RSSSettings.m */ = {isa = PBXFileReference; fileEncoding = 4; lastKnownFileType = sourcecode.c.objc; name = RSSSettings.m; path = rsscommon/RSSSettings.m; sourceTree = "<group>"; };
		F49D2BB21B65834E002B07EE /* RSSUserDefaults+Constants.h */ = {isa = PBXFileReference; fileEncoding = 4; lastKnownFileType = sourcecode.c.h; name = "RSSUserDefaults+Constants.h"; path = "rsscommon/RSSUserDefaults+Constants.h"; sourceTree = "<group>"; };
		F49D2BB31B65834E002B07EE /* RSSUserDefaults+Constants.m */ = {isa = PBXFileReference; fileEncoding = 4; lastKnownFileType = sourcecode.c.objc; name = "RSSUserDefaults+Constants.m"; path = "rsscommon/RSSUserDefaults+Constants.m"; sourceTree = "<group>"; };
		F49D2BB41B65834E002B07EE /* RSSWindow.h */ = {isa = PBXFileReference; fileEncoding = 4; lastKnownFileType = sourcecode.c.h; name = RSSWindow.h; path = rsscommon/RSSWindow.h; sourceTree = "<group>"; };
		F49D2BB51B65834E002B07EE /* RSSWindow.m */ = {isa = PBXFileReference; fileEncoding = 4; lastKnownFileType = sourcecode.c.objc; name = RSSWindow.m; path = rsscommon/RSSWindow.m; sourceTree = "<group>"; };
		F49D2BBA1B65835C002B07EE /* RSSConfigurationWindowController.h */ = {isa = PBXFileReference; fileEncoding = 4; lastKnownFileType = sourcecode.c.h; name = RSSConfigurationWindowController.h; path = rsscommon/RSSConfigurationWindowController.h; sourceTree = "<group>"; };
		F49D2BBB1B65835C002B07EE /* RSSConfigurationWindowController.m */ = {isa = PBXFileReference; fileEncoding = 4; lastKnownFileType = sourcecode.c.objc; name = RSSConfigurationWindowController.m; path = rsscommon/RSSConfigurationWindowController.m; sourceTree = "<group>"; };
		F49D2BBF1B658368002B07EE /* en */ = {isa = PBXFileReference; fileEncoding = 10; lastKnownFileType = text.plist.strings; name = en; path = rsscommon/en.lproj/Localizable.strings; sourceTree = "<group>"; };
		F49D2BC11B65866E002B07EE /* Flocks.cpp */ = {isa = PBXFileReference; fileEncoding = 4; lastKnownFileType = sourcecode.cpp.cpp; name = Flocks.cpp; path = GPL/Flocks.cpp; sourceTree = "<group>"; };
		F49D2BC21B65866E002B07EE /* Flocks.h */ = {isa = PBXFileReference; fileEncoding = 4; lastKnownFileType = sourcecode.c.h; name = Flocks.h; path = GPL/Flocks.h; sourceTree = "<group>"; };
		F49D2BC71B658AAC002B07EE /* Rgbhsl.cpp */ = {isa = PBXFileReference; fileEncoding = 4; lastKnownFileType = sourcecode.cpp.cpp; name = Rgbhsl.cpp; path = rsscommon/GPL/Rgbhsl/Rgbhsl.cpp; sourceTree = "<group>"; };
		F49D2BC81B658AAC002B07EE /* Rgbhsl.h */ = {isa = PBXFileReference; fileEncoding = 4; lastKnownFileType = sourcecode.c.h; name = Rgbhsl.h; path = rsscommon/GPL/Rgbhsl/Rgbhsl.h; sourceTree = "<group>"; };
		F49D2BD01B65A3EB002B07EE /* RSSLightGrayBackgroundView.h */ = {isa = PBXFileReference; fileEncoding = 4; lastKnownFileType = sourcecode.c.h; name = RSSLightGrayBackgroundView.h; path = rsscommon/RSSLightGrayBackgroundView.h; sourceTree = "<group>"; };
		F49D2BD11B65A3EB002B07EE /* RSSLightGrayBackgroundView.m */ = {isa = PBXFileReference; fileEncoding = 4; lastKnownFileType = sourcecode.c.objc; name = RSSLightGrayBackgroundView.m; path = rsscommon/RSSLightGrayBackgroundView.m; sourceTree = "<group>"; };
		F49D2BD21B65A3EB002B07EE /* RSSSecondaryBox.h */ = {isa = PBXFileReference; fileEncoding = 4; lastKnownFileType = sourcecode.c.h; name = RSSSecondaryBox.h; path = rsscommon/RSSSecondaryBox.h; sourceTree = "<group>"; };
		F49D2BD31B65A3EB002B07EE /* RSSSecondaryBox.m */ = {isa = PBXFileReference; fileEncoding = 4; lastKnownFileType = sourcecode.c.objc; name = RSSSecondaryBox.m; path = rsscommon/RSSSecondaryBox.m; sourceTree = "<group>"; };
		F4F4B81C1B66CDD10047F8E6 /* refafactor.xcodeproj */ = {isa = PBXFileReference; lastKnownFileType = "wrapper.pb-project"; name = refafactor.xcodeproj; path = Flocks/rsscommon/refafactor/refafactor.xcodeproj; sourceTree = "<group>"; };
/* End PBXFileReference section */

/* Begin PBXFrameworksBuildPhase section */
		F49D2B871B658117002B07EE /* Frameworks */ = {
			isa = PBXFrameworksBuildPhase;
			buildActionMask = 2147483647;
			files = (
			);
			runOnlyForDeploymentPostprocessing = 0;
		};
/* End PBXFrameworksBuildPhase section */

/* Begin PBXGroup section */
		F49D2B811B658117002B07EE = {
			isa = PBXGroup;
			children = (
				F4F4B81C1B66CDD10047F8E6 /* refafactor.xcodeproj */,
				F49D2B8D1B658117002B07EE /* Flocks */,
				F49D2B8C1B658117002B07EE /* Products */,
			);
			sourceTree = "<group>";
		};
		F49D2B8C1B658117002B07EE /* Products */ = {
			isa = PBXGroup;
			children = (
				F49D2B8B1B658117002B07EE /* Flocks.saver */,
			);
			name = Products;
			sourceTree = "<group>";
		};
		F49D2B8D1B658117002B07EE /* Flocks */ = {
			isa = PBXGroup;
			children = (
				F49D2BA01B658260002B07EE /* rsscommon */,
				F49D2B9D1B658244002B07EE /* GPL */,
				F49D2BA31B658290002B07EE /* RSSFlocksSettings.h */,
				F49D2BA41B658290002B07EE /* RSSFlocksSettings.m */,
				F49D2B901B658117002B07EE /* RSSFlocksView.h */,
				F49D2B921B658117002B07EE /* RSSFlocksView.mm */,
				F49D2B9F1B65824D002B07EE /* Configuration */,
				F49D2B8E1B658117002B07EE /* Supporting Files */,
			);
			path = Flocks;
			sourceTree = "<group>";
		};
		F49D2B8E1B658117002B07EE /* Supporting Files */ = {
			isa = PBXGroup;
			children = (
				F49D2B8F1B658117002B07EE /* Info.plist */,
				F49D2B9E1B658249002B07EE /* images */,
			);
			name = "Supporting Files";
			sourceTree = "<group>";
		};
		F49D2B9D1B658244002B07EE /* GPL */ = {
			isa = PBXGroup;
			children = (
				F49D2BC21B65866E002B07EE /* Flocks.h */,
				F49D2BC11B65866E002B07EE /* Flocks.cpp */,
			);
			name = GPL;
			sourceTree = "<group>";
		};
		F49D2B9E1B658249002B07EE /* images */ = {
			isa = PBXGroup;
			children = (
				F47A6CB71B66CD450077F71E /* thumbnail.png */,
				F47A6CB81B66CD450077F71E /* thumbnail@2x.png */,
			);
			name = images;
			sourceTree = "<group>";
		};
		F49D2B9F1B65824D002B07EE /* Configuration */ = {
			isa = PBXGroup;
			children = (
				F49D2B991B658236002B07EE /* RSSFlocksConfigurationWindowController.h */,
				F49D2B9A1B658236002B07EE /* RSSFlocksConfigurationWindowController.m */,
				F48CC4341B680D33009CD46D /* RSSFlocksConfigurationWindowController.xib */,
			);
			name = Configuration;
			sourceTree = "<group>";
		};
		F49D2BA01B658260002B07EE /* rsscommon */ = {
			isa = PBXGroup;
			children = (
				F49D2BAE1B658342002B07EE /* RSSSettings.h */,
				F49D2BAF1B658342002B07EE /* RSSSettings.m */,
				F49D2BB41B65834E002B07EE /* RSSWindow.h */,
				F49D2BB51B65834E002B07EE /* RSSWindow.m */,
				F49D2BB21B65834E002B07EE /* RSSUserDefaults+Constants.h */,
				F49D2BB31B65834E002B07EE /* RSSUserDefaults+Constants.m */,
				F49D2BBA1B65835C002B07EE /* RSSConfigurationWindowController.h */,
				F49D2BBB1B65835C002B07EE /* RSSConfigurationWindowController.m */,
				F49D2BA81B658337002B07EE /* RSSAboutBoxWindowController.h */,
				F49D2BA91B658337002B07EE /* RSSAboutBoxWindowController.m */,
				F49D2BD01B65A3EB002B07EE /* RSSLightGrayBackgroundView.h */,
				F49D2BD11B65A3EB002B07EE /* RSSLightGrayBackgroundView.m */,
				F49D2BD21B65A3EB002B07EE /* RSSSecondaryBox.h */,
				F49D2BD31B65A3EB002B07EE /* RSSSecondaryBox.m */,
				F49D2BC51B658A91002B07EE /* GPL */,
				F49D2BA21B658274002B07EE /* Resources */,
			);
			name = rsscommon;
			sourceTree = "<group>";
		};
		F49D2BA21B658274002B07EE /* Resources */ = {
			isa = PBXGroup;
			children = (
				F49D2BBE1B658368002B07EE /* Localizable.strings */,
				F49D2BAA1B658337002B07EE /* RSSAboutBoxWindowController.xib */,
			);
			name = Resources;
			sourceTree = "<group>";
		};
		F49D2BC51B658A91002B07EE /* GPL */ = {
			isa = PBXGroup;
			children = (
				F49D2BC61B658AA1002B07EE /* Rgbhsl */,
			);
			name = GPL;
			sourceTree = "<group>";
		};
		F49D2BC61B658AA1002B07EE /* Rgbhsl */ = {
			isa = PBXGroup;
			children = (
				F49D2BC81B658AAC002B07EE /* Rgbhsl.h */,
				F49D2BC71B658AAC002B07EE /* Rgbhsl.cpp */,
			);
			name = Rgbhsl;
			sourceTree = "<group>";
		};
		F4F4B81D1B66CDD10047F8E6 /* Products */ = {
			isa = PBXGroup;
			children = (
				F4F4B8211B66CDD10047F8E6 /* refafactor */,
			);
			name = Products;
			sourceTree = "<group>";
		};
/* End PBXGroup section */

/* Begin PBXHeadersBuildPhase section */
		F49D2B881B658117002B07EE /* Headers */ = {
			isa = PBXHeadersBuildPhase;
			buildActionMask = 2147483647;
			files = (
				F49D2BD61B65A3EB002B07EE /* RSSSecondaryBox.h in Headers */,
				F49D2BCA1B658AAC002B07EE /* Rgbhsl.h in Headers */,
				F49D2BA51B658290002B07EE /* RSSFlocksSettings.h in Headers */,
				F49D2B9B1B658236002B07EE /* RSSFlocksConfigurationWindowController.h in Headers */,
				F49D2B911B658117002B07EE /* RSSFlocksView.h in Headers */,
				F49D2BB81B65834E002B07EE /* RSSWindow.h in Headers */,
				F49D2BBC1B65835C002B07EE /* RSSConfigurationWindowController.h in Headers */,
				F49D2BC41B65866E002B07EE /* Flocks.h in Headers */,
				F49D2BB01B658342002B07EE /* RSSSettings.h in Headers */,
				F49D2BB61B65834E002B07EE /* RSSUserDefaults+Constants.h in Headers */,
				F49D2BAB1B658337002B07EE /* RSSAboutBoxWindowController.h in Headers */,
				F49D2BD41B65A3EB002B07EE /* RSSLightGrayBackgroundView.h in Headers */,
			);
			runOnlyForDeploymentPostprocessing = 0;
		};
/* End PBXHeadersBuildPhase section */

/* Begin PBXNativeTarget section */
		F49D2B8A1B658117002B07EE /* Flocks */ = {
			isa = PBXNativeTarget;
			buildConfigurationList = F49D2B961B658117002B07EE /* Build configuration list for PBXNativeTarget "Flocks" */;
			buildPhases = (
				F49D2B861B658117002B07EE /* Sources */,
				F49D2B871B658117002B07EE /* Frameworks */,
				F49D2B881B658117002B07EE /* Headers */,
				F49D2B891B658117002B07EE /* Resources */,
				F4F4B8251B66CDE70047F8E6 /* ShellScript */,
			);
			buildRules = (
			);
			dependencies = (
				F4F4B8231B66CDD90047F8E6 /* PBXTargetDependency */,
			);
			name = Flocks;
			productName = Flocks;
			productReference = F49D2B8B1B658117002B07EE /* Flocks.saver */;
			productType = "com.apple.product-type.bundle";
		};
/* End PBXNativeTarget section */

/* Begin PBXProject section */
		F49D2B821B658117002B07EE /* Project object */ = {
			isa = PBXProject;
			attributes = {
				LastUpgradeCheck = 0630;
				TargetAttributes = {
					F49D2B8A1B658117002B07EE = {
						CreatedOnToolsVersion = 6.3;
					};
				};
			};
			buildConfigurationList = F49D2B851B658117002B07EE /* Build configuration list for PBXProject "Flocks" */;
			compatibilityVersion = "Xcode 3.2";
			developmentRegion = English;
			hasScannedForEncodings = 0;
			knownRegions = (
				en,
				fr,
				ja,
			);
			mainGroup = F49D2B811B658117002B07EE;
			productRefGroup = F49D2B8C1B658117002B07EE /* Products */;
			projectDirPath = "";
			projectReferences = (
				{
					ProductGroup = F4F4B81D1B66CDD10047F8E6 /* Products */;
					ProjectRef = F4F4B81C1B66CDD10047F8E6 /* refafactor.xcodeproj */;
				},
			);
			projectRoot = "";
			targets = (
				F49D2B8A1B658117002B07EE /* Flocks */,
			);
		};
/* End PBXProject section */

/* Begin PBXReferenceProxy section */
		F4F4B8211B66CDD10047F8E6 /* refafactor */ = {
			isa = PBXReferenceProxy;
			fileType = "compiled.mach-o.executable";
			path = refafactor;
			remoteRef = F4F4B8201B66CDD10047F8E6 /* PBXContainerItemProxy */;
			sourceTree = BUILT_PRODUCTS_DIR;
		};
/* End PBXReferenceProxy section */

/* Begin PBXResourcesBuildPhase section */
		F49D2B891B658117002B07EE /* Resources */ = {
			isa = PBXResourcesBuildPhase;
			buildActionMask = 2147483647;
			files = (
				F47A6CB91B66CD450077F71E /* thumbnail.png in Resources */,
				F49D2BAD1B658337002B07EE /* RSSAboutBoxWindowController.xib in Resources */,
				F48CC4321B680D33009CD46D /* RSSFlocksConfigurationWindowController.xib in Resources */,
				F47A6CBA1B66CD450077F71E /* thumbnail@2x.png in Resources */,
				F49D2BC01B658368002B07EE /* Localizable.strings in Resources */,
			);
			runOnlyForDeploymentPostprocessing = 0;
		};
/* End PBXResourcesBuildPhase section */

/* Begin PBXShellScriptBuildPhase section */
		F4F4B8251B66CDE70047F8E6 /* ShellScript */ = {
			isa = PBXShellScriptBuildPhase;
			buildActionMask = 2147483647;
			files = (
			);
			inputPaths = (
			);
			outputPaths = (
			);
			runOnlyForDeploymentPostprocessing = 0;
			shellPath = /bin/sh;
			shellScript = "#Refactor the rsscommon class to avoid warning or issues when multiple RSS screen savers are installed.\n\n\"${TARGET_BUILD_DIR}\"/refafactor --bundle \"${TARGET_BUILD_DIR}/${FULL_PRODUCT_NAME}\" --prefix FLO\n\nexit 0";
		};
/* End PBXShellScriptBuildPhase section */

/* Begin PBXSourcesBuildPhase section */
		F49D2B861B658117002B07EE /* Sources */ = {
			isa = PBXSourcesBuildPhase;
			buildActionMask = 2147483647;
			files = (
				F49D2BB91B65834E002B07EE /* RSSWindow.m in Sources */,
				F49D2BC91B658AAC002B07EE /* Rgbhsl.cpp in Sources */,
				F49D2BAC1B658337002B07EE /* RSSAboutBoxWindowController.m in Sources */,
				F49D2BB71B65834E002B07EE /* RSSUserDefaults+Constants.m in Sources */,
				F49D2BA61B658290002B07EE /* RSSFlocksSettings.m in Sources */,
				F49D2B931B658117002B07EE /* RSSFlocksView.mm in Sources */,
				F49D2BC31B65866E002B07EE /* Flocks.cpp in Sources */,
				F49D2BBD1B65835C002B07EE /* RSSConfigurationWindowController.m in Sources */,
				F49D2BD51B65A3EB002B07EE /* RSSLightGrayBackgroundView.m in Sources */,
				F49D2BD71B65A3EB002B07EE /* RSSSecondaryBox.m in Sources */,
				F49D2BB11B658342002B07EE /* RSSSettings.m in Sources */,
				F49D2B9C1B658236002B07EE /* RSSFlocksConfigurationWindowController.m in Sources */,
			);
			runOnlyForDeploymentPostprocessing = 0;
		};
/* End PBXSourcesBuildPhase section */

/* Begin PBXTargetDependency section */
		F4F4B8231B66CDD90047F8E6 /* PBXTargetDependency */ = {
			isa = PBXTargetDependency;
			name = refafactor;
			targetProxy = F4F4B8221B66CDD90047F8E6 /* PBXContainerItemProxy */;
		};
/* End PBXTargetDependency section */

/* Begin PBXVariantGroup section */
		F48CC4341B680D33009CD46D /* RSSFlocksConfigurationWindowController.xib */ = {
			isa = PBXVariantGroup;
			children = (
				F48CC4331B680D33009CD46D /* en */,
				F48CC4351B680D46009CD46D /* fr */,
				F48CC4381B681187009CD46D /* ja */,
			);
			name = RSSFlocksConfigurationWindowController.xib;
			sourceTree = "<group>";
		};
		F49D2BBE1B658368002B07EE /* Localizable.strings */ = {
			isa = PBXVariantGroup;
			children = (
				F49D2BBF1B658368002B07EE /* en */,
				F48CC4361B680D50009CD46D /* fr */,
				F48CC4391B681190009CD46D /* ja */,
			);
			name = Localizable.strings;
			sourceTree = "<group>";
		};
/* End PBXVariantGroup section */

/* Begin XCBuildConfiguration section */
		F49D2B941B658117002B07EE /* Debug */ = {
			isa = XCBuildConfiguration;
			buildSettings = {
				ALWAYS_SEARCH_USER_PATHS = NO;
				CLANG_CXX_LANGUAGE_STANDARD = "gnu++0x";
				CLANG_CXX_LIBRARY = "libc++";
				CLANG_ENABLE_MODULES = YES;
				CLANG_ENABLE_OBJC_ARC = YES;
				CLANG_WARN_BOOL_CONVERSION = YES;
				CLANG_WARN_CONSTANT_CONVERSION = YES;
				CLANG_WARN_DIRECT_OBJC_ISA_USAGE = YES_ERROR;
				CLANG_WARN_EMPTY_BODY = YES;
				CLANG_WARN_ENUM_CONVERSION = YES;
				CLANG_WARN_INT_CONVERSION = YES;
				CLANG_WARN_OBJC_ROOT_CLASS = YES_ERROR;
				CLANG_WARN_UNREACHABLE_CODE = YES;
				CLANG_WARN__DUPLICATE_METHOD_MATCH = YES;
				COPY_PHASE_STRIP = NO;
				DEBUG_INFORMATION_FORMAT = dwarf;
				ENABLE_STRICT_OBJC_MSGSEND = YES;
				GCC_C_LANGUAGE_STANDARD = gnu99;
				GCC_DYNAMIC_NO_PIC = NO;
				GCC_NO_COMMON_BLOCKS = YES;
				GCC_OPTIMIZATION_LEVEL = 0;
				GCC_PREPROCESSOR_DEFINITIONS = (
					"DEBUG=1",
					"$(inherited)",
				);
				GCC_SYMBOLS_PRIVATE_EXTERN = NO;
				GCC_WARN_64_TO_32_BIT_CONVERSION = YES;
				GCC_WARN_ABOUT_RETURN_TYPE = YES_ERROR;
				GCC_WARN_UNDECLARED_SELECTOR = YES;
				GCC_WARN_UNINITIALIZED_AUTOS = YES_AGGRESSIVE;
				GCC_WARN_UNUSED_FUNCTION = YES;
				GCC_WARN_UNUSED_VARIABLE = YES;
				MACOSX_DEPLOYMENT_TARGET = 10.8;
				ONLY_ACTIVE_ARCH = YES;
				SDKROOT = macosx;
			};
			name = Debug;
		};
		F49D2B951B658117002B07EE /* Release */ = {
			isa = XCBuildConfiguration;
			buildSettings = {
				ALWAYS_SEARCH_USER_PATHS = NO;
				CLANG_CXX_LANGUAGE_STANDARD = "gnu++0x";
				CLANG_CXX_LIBRARY = "libc++";
				CLANG_ENABLE_MODULES = YES;
				CLANG_ENABLE_OBJC_ARC = YES;
				CLANG_WARN_BOOL_CONVERSION = YES;
				CLANG_WARN_CONSTANT_CONVERSION = YES;
				CLANG_WARN_DIRECT_OBJC_ISA_USAGE = YES_ERROR;
				CLANG_WARN_EMPTY_BODY = YES;
				CLANG_WARN_ENUM_CONVERSION = YES;
				CLANG_WARN_INT_CONVERSION = YES;
				CLANG_WARN_OBJC_ROOT_CLASS = YES_ERROR;
				CLANG_WARN_UNREACHABLE_CODE = YES;
				CLANG_WARN__DUPLICATE_METHOD_MATCH = YES;
				COPY_PHASE_STRIP = NO;
				DEBUG_INFORMATION_FORMAT = "dwarf-with-dsym";
				ENABLE_NS_ASSERTIONS = NO;
				ENABLE_STRICT_OBJC_MSGSEND = YES;
				GCC_C_LANGUAGE_STANDARD = gnu99;
				GCC_NO_COMMON_BLOCKS = YES;
				GCC_WARN_64_TO_32_BIT_CONVERSION = YES;
				GCC_WARN_ABOUT_RETURN_TYPE = YES_ERROR;
				GCC_WARN_UNDECLARED_SELECTOR = YES;
				GCC_WARN_UNINITIALIZED_AUTOS = YES_AGGRESSIVE;
				GCC_WARN_UNUSED_FUNCTION = YES;
				GCC_WARN_UNUSED_VARIABLE = YES;
				MACOSX_DEPLOYMENT_TARGET = 10.8;
				SDKROOT = macosx;
			};
			name = Release;
		};
		F49D2B971B658117002B07EE /* Debug */ = {
			isa = XCBuildConfiguration;
			buildSettings = {
				COMBINE_HIDPI_IMAGES = YES;
				INFOPLIST_FILE = Flocks/Info.plist;
				INSTALL_PATH = "$(HOME)/Library/Screen Savers";
				PRODUCT_NAME = "$(TARGET_NAME)";
				WRAPPER_EXTENSION = saver;
			};
			name = Debug;
		};
		F49D2B981B658117002B07EE /* Release */ = {
			isa = XCBuildConfiguration;
			buildSettings = {
				COMBINE_HIDPI_IMAGES = YES;
				INFOPLIST_FILE = Flocks/Info.plist;
				INSTALL_PATH = "$(HOME)/Library/Screen Savers";
				PRODUCT_NAME = "$(TARGET_NAME)";
				WRAPPER_EXTENSION = saver;
			};
			name = Release;
		};
/* End XCBuildConfiguration section */

/* Begin XCConfigurationList section */
		F49D2B851B658117002B07EE /* Build configuration list for PBXProject "Flocks" */ = {
			isa = XCConfigurationList;
			buildConfigurations = (
				F49D2B941B658117002B07EE /* Debug */,
				F49D2B951B658117002B07EE /* Release */,
			);
			defaultConfigurationIsVisible = 0;
			defaultConfigurationName = Release;
		};
		F49D2B961B658117002B07EE /* Build configuration list for PBXNativeTarget "Flocks" */ = {
			isa = XCConfigurationList;
			buildConfigurations = (
				F49D2B971B658117002B07EE /* Debug */,
				F49D2B981B658117002B07EE /* Release */,
			);
			defaultConfigurationIsVisible = 0;
			defaultConfigurationName = Release;
		};
/* End XCConfigurationList section */
	};
	rootObject = F49D2B821B658117002B07EE /* Project object */;
}
